// !$*UTF8*$!
{
	archiveVersion = 1;
	classes = {
	};
	objectVersion = 55;
	objects = {

/* Begin PBXBuildFile section */
		3243348E29547DBB00473D8B /* AppDelegate.swift in Sources */ = {isa = PBXBuildFile; fileRef = 3243348D29547DBB00473D8B /* AppDelegate.swift */; };
		3243349029547DBB00473D8B /* SceneDelegate.swift in Sources */ = {isa = PBXBuildFile; fileRef = 3243348F29547DBB00473D8B /* SceneDelegate.swift */; };
		3243349229547DBB00473D8B /* MainViewController.swift in Sources */ = {isa = PBXBuildFile; fileRef = 3243349129547DBB00473D8B /* MainViewController.swift */; };
		3243349529547DBB00473D8B /* Main.storyboard in Resources */ = {isa = PBXBuildFile; fileRef = 3243349329547DBB00473D8B /* Main.storyboard */; };
		3243349729547DBC00473D8B /* Assets.xcassets in Resources */ = {isa = PBXBuildFile; fileRef = 3243349629547DBC00473D8B /* Assets.xcassets */; };
		3243349A29547DBC00473D8B /* LaunchScreen.storyboard in Resources */ = {isa = PBXBuildFile; fileRef = 3243349829547DBC00473D8B /* LaunchScreen.storyboard */; };
		729130DEA39BAA72D846E7F5 /* Pods_PhoneShop.framework in Frameworks */ = {isa = PBXBuildFile; fileRef = EA731F6965F322DC7ED2800C /* Pods_PhoneShop.framework */; };
/* End PBXBuildFile section */

/* Begin PBXFileReference section */
		08FDF92F5E511DDF3DB20923 /* Pods-PhoneShop.debug.xcconfig */ = {isa = PBXFileReference; includeInIndex = 1; lastKnownFileType = text.xcconfig; name = "Pods-PhoneShop.debug.xcconfig"; path = "Target Support Files/Pods-PhoneShop/Pods-PhoneShop.debug.xcconfig"; sourceTree = "<group>"; };
		3243348A29547DBB00473D8B /* PhoneShop.app */ = {isa = PBXFileReference; explicitFileType = wrapper.application; includeInIndex = 0; path = PhoneShop.app; sourceTree = BUILT_PRODUCTS_DIR; };
		3243348D29547DBB00473D8B /* AppDelegate.swift */ = {isa = PBXFileReference; lastKnownFileType = sourcecode.swift; path = AppDelegate.swift; sourceTree = "<group>"; };
		3243348F29547DBB00473D8B /* SceneDelegate.swift */ = {isa = PBXFileReference; lastKnownFileType = sourcecode.swift; path = SceneDelegate.swift; sourceTree = "<group>"; };
		3243349129547DBB00473D8B /* MainViewController.swift */ = {isa = PBXFileReference; lastKnownFileType = sourcecode.swift; path = MainViewController.swift; sourceTree = "<group>"; };
		3243349429547DBB00473D8B /* Base */ = {isa = PBXFileReference; lastKnownFileType = file.storyboard; name = Base; path = Base.lproj/Main.storyboard; sourceTree = "<group>"; };
		3243349629547DBC00473D8B /* Assets.xcassets */ = {isa = PBXFileReference; lastKnownFileType = folder.assetcatalog; path = Assets.xcassets; sourceTree = "<group>"; };
		3243349929547DBC00473D8B /* Base */ = {isa = PBXFileReference; lastKnownFileType = file.storyboard; name = Base; path = Base.lproj/LaunchScreen.storyboard; sourceTree = "<group>"; };
		3243349B29547DBC00473D8B /* Info.plist */ = {isa = PBXFileReference; lastKnownFileType = text.plist.xml; path = Info.plist; sourceTree = "<group>"; };
		9A61E099CE113950FC257E79 /* Pods-PhoneShop.release.xcconfig */ = {isa = PBXFileReference; includeInIndex = 1; lastKnownFileType = text.xcconfig; name = "Pods-PhoneShop.release.xcconfig"; path = "Target Support Files/Pods-PhoneShop/Pods-PhoneShop.release.xcconfig"; sourceTree = "<group>"; };
		EA731F6965F322DC7ED2800C /* Pods_PhoneShop.framework */ = {isa = PBXFileReference; explicitFileType = wrapper.framework; includeInIndex = 0; path = Pods_PhoneShop.framework; sourceTree = BUILT_PRODUCTS_DIR; };
/* End PBXFileReference section */

/* Begin PBXFrameworksBuildPhase section */
		3243348729547DBB00473D8B /* Frameworks */ = {
			isa = PBXFrameworksBuildPhase;
			buildActionMask = 2147483647;
			files = (
				729130DEA39BAA72D846E7F5 /* Pods_PhoneShop.framework in Frameworks */,
			);
			runOnlyForDeploymentPostprocessing = 0;
		};
/* End PBXFrameworksBuildPhase section */

/* Begin PBXGroup section */
		3243348129547DBB00473D8B = {
			isa = PBXGroup;
			children = (
				3243348C29547DBB00473D8B /* PhoneShop */,
				3243348B29547DBB00473D8B /* Products */,
				464116A1AD37E6D07946AE8D /* Pods */,
				A6AD400273CCA77B42446999 /* Frameworks */,
			);
			sourceTree = "<group>";
		};
		3243348B29547DBB00473D8B /* Products */ = {
			isa = PBXGroup;
			children = (
				3243348A29547DBB00473D8B /* PhoneShop.app */,
			);
			name = Products;
			sourceTree = "<group>";
		};
		3243348C29547DBB00473D8B /* PhoneShop */ = {
			isa = PBXGroup;
			children = (
				32D653A029548199008D83FD /* Resources */,
				324334A32954806C00473D8B /* View Model */,
				324334A22954806100473D8B /* View */,
				324334A12954803F00473D8B /* Model */,
			);
			path = PhoneShop;
			sourceTree = "<group>";
		};
		324334A12954803F00473D8B /* Model */ = {
			isa = PBXGroup;
			children = (
			);
			path = Model;
			sourceTree = "<group>";
		};
		324334A22954806100473D8B /* View */ = {
			isa = PBXGroup;
			children = (
				3243349129547DBB00473D8B /* MainViewController.swift */,
			);
			path = View;
			sourceTree = "<group>";
		};
		324334A32954806C00473D8B /* View Model */ = {
			isa = PBXGroup;
			children = (
			);
			path = "View Model";
			sourceTree = "<group>";
		};
		32D653A029548199008D83FD /* Resources */ = {
			isa = PBXGroup;
			children = (
				3243349B29547DBC00473D8B /* Info.plist */,
				3243349829547DBC00473D8B /* LaunchScreen.storyboard */,
				3243349629547DBC00473D8B /* Assets.xcassets */,
				3243349329547DBB00473D8B /* Main.storyboard */,
				3243348D29547DBB00473D8B /* AppDelegate.swift */,
				3243348F29547DBB00473D8B /* SceneDelegate.swift */,
			);
			path = Resources;
			sourceTree = "<group>";
		};
		464116A1AD37E6D07946AE8D /* Pods */ = {
			isa = PBXGroup;
			children = (
				08FDF92F5E511DDF3DB20923 /* Pods-PhoneShop.debug.xcconfig */,
				9A61E099CE113950FC257E79 /* Pods-PhoneShop.release.xcconfig */,
			);
			path = Pods;
			sourceTree = "<group>";
		};
		A6AD400273CCA77B42446999 /* Frameworks */ = {
			isa = PBXGroup;
			children = (
				EA731F6965F322DC7ED2800C /* Pods_PhoneShop.framework */,
			);
			name = Frameworks;
			sourceTree = "<group>";
		};
/* End PBXGroup section */

/* Begin PBXNativeTarget section */
		3243348929547DBB00473D8B /* PhoneShop */ = {
			isa = PBXNativeTarget;
			buildConfigurationList = 3243349E29547DBC00473D8B /* Build configuration list for PBXNativeTarget "PhoneShop" */;
			buildPhases = (
				12DBB2A25FCE9B16C4E58800 /* [CP] Check Pods Manifest.lock */,
				3243348629547DBB00473D8B /* Sources */,
				3243348729547DBB00473D8B /* Frameworks */,
				3243348829547DBB00473D8B /* Resources */,
				BF1E7E4228BE9350CDC6E095 /* [CP] Embed Pods Frameworks */,
			);
			buildRules = (
			);
			dependencies = (
			);
			name = PhoneShop;
			productName = PhoneShop;
			productReference = 3243348A29547DBB00473D8B /* PhoneShop.app */;
			productType = "com.apple.product-type.application";
		};
/* End PBXNativeTarget section */

/* Begin PBXProject section */
		3243348229547DBB00473D8B /* Project object */ = {
			isa = PBXProject;
			attributes = {
				BuildIndependentTargetsInParallel = 1;
				LastSwiftUpdateCheck = 1340;
				LastUpgradeCheck = 1340;
				TargetAttributes = {
					3243348929547DBB00473D8B = {
						CreatedOnToolsVersion = 13.4.1;
					};
				};
			};
			buildConfigurationList = 3243348529547DBB00473D8B /* Build configuration list for PBXProject "PhoneShop" */;
			compatibilityVersion = "Xcode 13.0";
			developmentRegion = en;
			hasScannedForEncodings = 0;
			knownRegions = (
				en,
				Base,
			);
			mainGroup = 3243348129547DBB00473D8B;
			productRefGroup = 3243348B29547DBB00473D8B /* Products */;
			projectDirPath = "";
			projectRoot = "";
			targets = (
				3243348929547DBB00473D8B /* PhoneShop */,
			);
		};
/* End PBXProject section */

/* Begin PBXResourcesBuildPhase section */
		3243348829547DBB00473D8B /* Resources */ = {
			isa = PBXResourcesBuildPhase;
			buildActionMask = 2147483647;
			files = (
				3243349A29547DBC00473D8B /* LaunchScreen.storyboard in Resources */,
				3243349729547DBC00473D8B /* Assets.xcassets in Resources */,
				3243349529547DBB00473D8B /* Main.storyboard in Resources */,
			);
			runOnlyForDeploymentPostprocessing = 0;
		};
/* End PBXResourcesBuildPhase section */

/* Begin PBXShellScriptBuildPhase section */
		12DBB2A25FCE9B16C4E58800 /* [CP] Check Pods Manifest.lock */ = {
			isa = PBXShellScriptBuildPhase;
			buildActionMask = 2147483647;
			files = (
			);
			inputFileListPaths = (
			);
			inputPaths = (
				"${PODS_PODFILE_DIR_PATH}/Podfile.lock",
				"${PODS_ROOT}/Manifest.lock",
			);
			name = "[CP] Check Pods Manifest.lock";
			outputFileListPaths = (
			);
			outputPaths = (
				"$(DERIVED_FILE_DIR)/Pods-PhoneShop-checkManifestLockResult.txt",
			);
			runOnlyForDeploymentPostprocessing = 0;
			shellPath = /bin/sh;
			shellScript = "diff \"${PODS_PODFILE_DIR_PATH}/Podfile.lock\" \"${PODS_ROOT}/Manifest.lock\" > /dev/null\nif [ $? != 0 ] ; then\n    # print error to STDERR\n    echo \"error: The sandbox is not in sync with the Podfile.lock. Run 'pod install' or update your CocoaPods installation.\" >&2\n    exit 1\nfi\n# This output is used by Xcode 'outputs' to avoid re-running this script phase.\necho \"SUCCESS\" > \"${SCRIPT_OUTPUT_FILE_0}\"\n";
			showEnvVarsInLog = 0;
		};
		BF1E7E4228BE9350CDC6E095 /* [CP] Embed Pods Frameworks */ = {
			isa = PBXShellScriptBuildPhase;
			buildActionMask = 2147483647;
			files = (
			);
			inputFileListPaths = (
				"${PODS_ROOT}/Target Support Files/Pods-PhoneShop/Pods-PhoneShop-frameworks-${CONFIGURATION}-input-files.xcfilelist",
			);
			name = "[CP] Embed Pods Frameworks";
			outputFileListPaths = (
				"${PODS_ROOT}/Target Support Files/Pods-PhoneShop/Pods-PhoneShop-frameworks-${CONFIGURATION}-output-files.xcfilelist",
			);
			runOnlyForDeploymentPostprocessing = 0;
			shellPath = /bin/sh;
			shellScript = "\"${PODS_ROOT}/Target Support Files/Pods-PhoneShop/Pods-PhoneShop-frameworks.sh\"\n";
			showEnvVarsInLog = 0;
		};
/* End PBXShellScriptBuildPhase section */

/* Begin PBXSourcesBuildPhase section */
		3243348629547DBB00473D8B /* Sources */ = {
			isa = PBXSourcesBuildPhase;
			buildActionMask = 2147483647;
			files = (
				3243349229547DBB00473D8B /* MainViewController.swift in Sources */,
				3243348E29547DBB00473D8B /* AppDelegate.swift in Sources */,
				3243349029547DBB00473D8B /* SceneDelegate.swift in Sources */,
			);
			runOnlyForDeploymentPostprocessing = 0;
		};
/* End PBXSourcesBuildPhase section */

/* Begin PBXVariantGroup section */
		3243349329547DBB00473D8B /* Main.storyboard */ = {
			isa = PBXVariantGroup;
			children = (
				3243349429547DBB00473D8B /* Base */,
			);
			name = Main.storyboard;
			sourceTree = "<group>";
		};
		3243349829547DBC00473D8B /* LaunchScreen.storyboard */ = {
			isa = PBXVariantGroup;
			children = (
				3243349929547DBC00473D8B /* Base */,
			);
			name = LaunchScreen.storyboard;
			sourceTree = "<group>";
		};
/* End PBXVariantGroup section */

/* Begin XCBuildConfiguration section */
		3243349C29547DBC00473D8B /* Debug */ = {
			isa = XCBuildConfiguration;
			buildSettings = {
				ALWAYS_SEARCH_USER_PATHS = NO;
				CLANG_ANALYZER_NONNULL = YES;
				CLANG_ANALYZER_NUMBER_OBJECT_CONVERSION = YES_AGGRESSIVE;
				CLANG_CXX_LANGUAGE_STANDARD = "gnu++17";
				CLANG_ENABLE_MODULES = YES;
				CLANG_ENABLE_OBJC_ARC = YES;
				CLANG_ENABLE_OBJC_WEAK = YES;
				CLANG_WARN_BLOCK_CAPTURE_AUTORELEASING = YES;
				CLANG_WARN_BOOL_CONVERSION = YES;
				CLANG_WARN_COMMA = YES;
				CLANG_WARN_CONSTANT_CONVERSION = YES;
				CLANG_WARN_DEPRECATED_OBJC_IMPLEMENTATIONS = YES;
				CLANG_WARN_DIRECT_OBJC_ISA_USAGE = YES_ERROR;
				CLANG_WARN_DOCUMENTATION_COMMENTS = YES;
				CLANG_WARN_EMPTY_BODY = YES;
				CLANG_WARN_ENUM_CONVERSION = YES;
				CLANG_WARN_INFINITE_RECURSION = YES;
				CLANG_WARN_INT_CONVERSION = YES;
				CLANG_WARN_NON_LITERAL_NULL_CONVERSION = YES;
				CLANG_WARN_OBJC_IMPLICIT_RETAIN_SELF = YES;
				CLANG_WARN_OBJC_LITERAL_CONVERSION = YES;
				CLANG_WARN_OBJC_ROOT_CLASS = YES_ERROR;
				CLANG_WARN_QUOTED_INCLUDE_IN_FRAMEWORK_HEADER = YES;
				CLANG_WARN_RANGE_LOOP_ANALYSIS = YES;
				CLANG_WARN_STRICT_PROTOTYPES = YES;
				CLANG_WARN_SUSPICIOUS_MOVE = YES;
				CLANG_WARN_UNGUARDED_AVAILABILITY = YES_AGGRESSIVE;
				CLANG_WARN_UNREACHABLE_CODE = YES;
				CLANG_WARN__DUPLICATE_METHOD_MATCH = YES;
				COPY_PHASE_STRIP = NO;
				DEBUG_INFORMATION_FORMAT = dwarf;
				ENABLE_STRICT_OBJC_MSGSEND = YES;
				ENABLE_TESTABILITY = YES;
				GCC_C_LANGUAGE_STANDARD = gnu11;
				GCC_DYNAMIC_NO_PIC = NO;
				GCC_NO_COMMON_BLOCKS = YES;
				GCC_OPTIMIZATION_LEVEL = 0;
				GCC_PREPROCESSOR_DEFINITIONS = (
					"DEBUG=1",
					"$(inherited)",
				);
				GCC_WARN_64_TO_32_BIT_CONVERSION = YES;
				GCC_WARN_ABOUT_RETURN_TYPE = YES_ERROR;
				GCC_WARN_UNDECLARED_SELECTOR = YES;
				GCC_WARN_UNINITIALIZED_AUTOS = YES_AGGRESSIVE;
				GCC_WARN_UNUSED_FUNCTION = YES;
				GCC_WARN_UNUSED_VARIABLE = YES;
				IPHONEOS_DEPLOYMENT_TARGET = 15.5;
				MTL_ENABLE_DEBUG_INFO = INCLUDE_SOURCE;
				MTL_FAST_MATH = YES;
				ONLY_ACTIVE_ARCH = YES;
				SDKROOT = iphoneos;
				SWIFT_ACTIVE_COMPILATION_CONDITIONS = DEBUG;
				SWIFT_OPTIMIZATION_LEVEL = "-Onone";
			};
			name = Debug;
		};
		3243349D29547DBC00473D8B /* Release */ = {
			isa = XCBuildConfiguration;
			buildSettings = {
				ALWAYS_SEARCH_USER_PATHS = NO;
				CLANG_ANALYZER_NONNULL = YES;
				CLANG_ANALYZER_NUMBER_OBJECT_CONVERSION = YES_AGGRESSIVE;
				CLANG_CXX_LANGUAGE_STANDARD = "gnu++17";
				CLANG_ENABLE_MODULES = YES;
				CLANG_ENABLE_OBJC_ARC = YES;
				CLANG_ENABLE_OBJC_WEAK = YES;
				CLANG_WARN_BLOCK_CAPTURE_AUTORELEASING = YES;
				CLANG_WARN_BOOL_CONVERSION = YES;
				CLANG_WARN_COMMA = YES;
				CLANG_WARN_CONSTANT_CONVERSION = YES;
				CLANG_WARN_DEPRECATED_OBJC_IMPLEMENTATIONS = YES;
				CLANG_WARN_DIRECT_OBJC_ISA_USAGE = YES_ERROR;
				CLANG_WARN_DOCUMENTATION_COMMENTS = YES;
				CLANG_WARN_EMPTY_BODY = YES;
				CLANG_WARN_ENUM_CONVERSION = YES;
				CLANG_WARN_INFINITE_RECURSION = YES;
				CLANG_WARN_INT_CONVERSION = YES;
				CLANG_WARN_NON_LITERAL_NULL_CONVERSION = YES;
				CLANG_WARN_OBJC_IMPLICIT_RETAIN_SELF = YES;
				CLANG_WARN_OBJC_LITERAL_CONVERSION = YES;
				CLANG_WARN_OBJC_ROOT_CLASS = YES_ERROR;
				CLANG_WARN_QUOTED_INCLUDE_IN_FRAMEWORK_HEADER = YES;
				CLANG_WARN_RANGE_LOOP_ANALYSIS = YES;
				CLANG_WARN_STRICT_PROTOTYPES = YES;
				CLANG_WARN_SUSPICIOUS_MOVE = YES;
				CLANG_WARN_UNGUARDED_AVAILABILITY = YES_AGGRESSIVE;
				CLANG_WARN_UNREACHABLE_CODE = YES;
				CLANG_WARN__DUPLICATE_METHOD_MATCH = YES;
				COPY_PHASE_STRIP = NO;
				DEBUG_INFORMATION_FORMAT = "dwarf-with-dsym";
				ENABLE_NS_ASSERTIONS = NO;
				ENABLE_STRICT_OBJC_MSGSEND = YES;
				GCC_C_LANGUAGE_STANDARD = gnu11;
				GCC_NO_COMMON_BLOCKS = YES;
				GCC_WARN_64_TO_32_BIT_CONVERSION = YES;
				GCC_WARN_ABOUT_RETURN_TYPE = YES_ERROR;
				GCC_WARN_UNDECLARED_SELECTOR = YES;
				GCC_WARN_UNINITIALIZED_AUTOS = YES_AGGRESSIVE;
				GCC_WARN_UNUSED_FUNCTION = YES;
				GCC_WARN_UNUSED_VARIABLE = YES;
				IPHONEOS_DEPLOYMENT_TARGET = 15.5;
				MTL_ENABLE_DEBUG_INFO = NO;
				MTL_FAST_MATH = YES;
				SDKROOT = iphoneos;
				SWIFT_COMPILATION_MODE = wholemodule;
				SWIFT_OPTIMIZATION_LEVEL = "-O";
				VALIDATE_PRODUCT = YES;
			};
			name = Release;
		};
		3243349F29547DBC00473D8B /* Debug */ = {
			isa = XCBuildConfiguration;
			baseConfigurationReference = 08FDF92F5E511DDF3DB20923 /* Pods-PhoneShop.debug.xcconfig */;
			buildSettings = {
				ASSETCATALOG_COMPILER_APPICON_NAME = AppIcon;
				ASSETCATALOG_COMPILER_GLOBAL_ACCENT_COLOR_NAME = AccentColor;
				CODE_SIGN_STYLE = Automatic;
				CURRENT_PROJECT_VERSION = 1;
				GENERATE_INFOPLIST_FILE = YES;
				INFOPLIST_FILE = PhoneShop/Resources/Info.plist;
				INFOPLIST_KEY_UIApplicationSupportsIndirectInputEvents = YES;
				INFOPLIST_KEY_UILaunchStoryboardName = LaunchScreen;
				INFOPLIST_KEY_UIMainStoryboardFile = Main;
				INFOPLIST_KEY_UISupportedInterfaceOrientations_iPad = "UIInterfaceOrientationPortrait UIInterfaceOrientationPortraitUpsideDown UIInterfaceOrientationLandscapeLeft UIInterfaceOrientationLandscapeRight";
				INFOPLIST_KEY_UISupportedInterfaceOrientations_iPhone = "UIInterfaceOrientationPortrait UIInterfaceOrientationLandscapeLeft UIInterfaceOrientationLandscapeRight";
				LD_RUNPATH_SEARCH_PATHS = (
					"$(inherited)",
					"@executable_path/Frameworks",
				);
				MARKETING_VERSION = 1.0;
				PRODUCT_BUNDLE_IDENTIFIER = test.PhoneShop;
				PRODUCT_NAME = "$(TARGET_NAME)";
				SWIFT_EMIT_LOC_STRINGS = YES;
				SWIFT_VERSION = 5.0;
				TARGETED_DEVICE_FAMILY = "1,2";
			};
			name = Debug;
		};
		324334A029547DBC00473D8B /* Release */ = {
			isa = XCBuildConfiguration;
			baseConfigurationReference = 9A61E099CE113950FC257E79 /* Pods-PhoneShop.release.xcconfig */;
			buildSettings = {
				ASSETCATALOG_COMPILER_APPICON_NAME = AppIcon;
				ASSETCATALOG_COMPILER_GLOBAL_ACCENT_COLOR_NAME = AccentColor;
				CODE_SIGN_STYLE = Automatic;
				CURRENT_PROJECT_VERSION = 1;
				GENERATE_INFOPLIST_FILE = YES;
				INFOPLIST_FILE = PhoneShop/Resources/Info.plist;
				INFOPLIST_KEY_UIApplicationSupportsIndirectInputEvents = YES;
				INFOPLIST_KEY_UILaunchStoryboardName = LaunchScreen;
				INFOPLIST_KEY_UIMainStoryboardFile = Main;
				INFOPLIST_KEY_UISupportedInterfaceOrientations_iPad = "UIInterfaceOrientationPortrait UIInterfaceOrientationPortraitUpsideDown UIInterfaceOrientationLandscapeLeft UIInterfaceOrientationLandscapeRight";
				INFOPLIST_KEY_UISupportedInterfaceOrientations_iPhone = "UIInterfaceOrientationPortrait UIInterfaceOrientationLandscapeLeft UIInterfaceOrientationLandscapeRight";
				LD_RUNPATH_SEARCH_PATHS = (
					"$(inherited)",
					"@executable_path/Frameworks",
				);
				MARKETING_VERSION = 1.0;
				PRODUCT_BUNDLE_IDENTIFIER = test.PhoneShop;
				PRODUCT_NAME = "$(TARGET_NAME)";
				SWIFT_EMIT_LOC_STRINGS = YES;
				SWIFT_VERSION = 5.0;
				TARGETED_DEVICE_FAMILY = "1,2";
			};
			name = Release;
		};
/* End XCBuildConfiguration section */

/* Begin XCConfigurationList section */
		3243348529547DBB00473D8B /* Build configuration list for PBXProject "PhoneShop" */ = {
			isa = XCConfigurationList;
			buildConfigurations = (
				3243349C29547DBC00473D8B /* Debug */,
				3243349D29547DBC00473D8B /* Release */,
			);
			defaultConfigurationIsVisible = 0;
			defaultConfigurationName = Release;
		};
		3243349E29547DBC00473D8B /* Build configuration list for PBXNativeTarget "PhoneShop" */ = {
			isa = XCConfigurationList;
			buildConfigurations = (
				3243349F29547DBC00473D8B /* Debug */,
				324334A029547DBC00473D8B /* Release */,
			);
			defaultConfigurationIsVisible = 0;
			defaultConfigurationName = Release;
		};
/* End XCConfigurationList section */
	};
	rootObject = 3243348229547DBB00473D8B /* Project object */;
}
